%{
  "advent_of_code_utils": {:hex, :advent_of_code_utils, "4.0.1", "591073a49600cbceae6d92e0fb2d2c56b59f6d383851e2a7c00c3bf0e4f33f4f", [:mix], [{:floki, "~> 0.34", [hex: :floki, repo: "hexpm", optional: false]}, {:tz, "~> 0.26", [hex: :tz, repo: "hexpm", optional: false]}], "hexpm", "684d016883d7b5443d9d22abc34013fb6f1d5d9ff114859a40890545a570eec8"},
  "floki": {:hex, :floki, "0.36.3", "1102f93b16a55bc5383b85ae3ec470f82dee056eaeff9195e8afdf0ef2a43c30", [:mix], [], "hexpm", "fe0158bff509e407735f6d40b3ee0d7deb47f3f3ee7c6c182ad28599f9f6b27a"},
  "html_entities": {:hex, :html_entities, "0.5.2", "9e47e70598da7de2a9ff6af8758399251db6dbb7eebe2b013f2bbd2515895c3c", [:mix], [], "hexpm", "c53ba390403485615623b9531e97696f076ed415e8d8058b1dbaa28181f4fdcc"},
  "memoize": {:hex, :memoize, "1.4.1", "af853b4bbbf369dd050a9306b6d47d620b76f06935147a67a18751397a952d09", [:mix], [], "hexpm", "83bc06b9ff3815457cdb642ad6f3f02445d0e2948e835d3a92c1979853ef56ee"},
  "structure": {:hex, :structure, "0.2.2", "7ef81ba794da92ff74f0d20c7c662e0fe89461c5d40296e20ca199c6f472375c", [:mix], [], "hexpm", "eadddcce81a73958bcd1a713551f4ede454aca7c2eafdc74fd66bd7e90ea3f35"},
  "tz": {:hex, :tz, "0.28.1", "717f5ffddfd1e475e2a233e221dc0b4b76c35c4b3650b060c8e3ba29dd6632e9", [:mix], [{:castore, "~> 0.1 or ~> 1.0", [hex: :castore, repo: "hexpm", optional: true]}, {:mint, "~> 1.6", [hex: :mint, repo: "hexpm", optional: true]}], "hexpm", "bfdca1aa1902643c6c43b77c1fb0cb3d744fd2f09a8a98405468afdee0848c8a"},
}
